
Microsoft Visual Studio Solution File, Format Version 12.00
# Visual Studio Version 16
VisualStudioVersion = 16.0.31515.178
MinimumVisualStudioVersion = 10.0.40219.1
Project("{9A19103F-16F7-4668-BE54-9A1E7A4F7556}") = "TCT.Core.Web", "TCT.Core.Web\TCT.Core.Web.csproj", "{D00B780F-C5B2-4657-8AAD-D715C5BFCA62}"
EndProject
Project("{9A19103F-16F7-4668-BE54-9A1E7A4F7556}") = "TCT.Core.Logic", "TCT.Core.Logic\TCT.Core.Logic.csproj", "{52B1AF4A-B72A-4B61-8A67-4A319D649A3A}"
EndProject
Project("{FAE04EC0-301F-11D3-BF4B-00C04F79EFBC}") = "TCT.Core.Modelo", "TCT.Core.Modelo\TCT.Core.Modelo.csproj", "{612C0C81-E1D3-4525-9BDD-F2FECAD05543}"
EndProject
Global
	GlobalSection(SolutionConfigurationPlatforms) = preSolution
		Debug|Any CPU = Debug|Any CPU
		Release|Any CPU = Release|Any CPU
	EndGlobalSection
	GlobalSection(ProjectConfigurationPlatforms) = postSolution
		{D00B780F-C5B2-4657-8AAD-D715C5BFCA62}.Debug|Any CPU.ActiveCfg = Debug|Any CPU
		{D00B780F-C5B2-4657-8AAD-D715C5BFCA62}.Debug|Any CPU.Build.0 = Debug|Any CPU
		{D00B780F-C5B2-4657-8AAD-D715C5BFCA62}.Release|Any CPU.ActiveCfg = Release|Any CPU
		{D00B780F-C5B2-4657-8AAD-D715C5BFCA62}.Release|Any CPU.Build.0 = Release|Any CPU
		{52B1AF4A-B72A-4B61-8A67-4A319D649A3A}.Debug|Any CPU.ActiveCfg = Debug|Any CPU
		{52B1AF4A-B72A-4B61-8A67-4A319D649A3A}.Debug|Any CPU.Build.0 = Debug|Any CPU
		{52B1AF4A-B72A-4B61-8A67-4A319D649A3A}.Release|Any CPU.ActiveCfg = Release|Any CPU
		{52B1AF4A-B72A-4B61-8A67-4A319D649A3A}.Release|Any CPU.Build.0 = Release|Any CPU
		{612C0C81-E1D3-4525-9BDD-F2FECAD05543}.Debug|Any CPU.ActiveCfg = Debug|Any CPU
		{612C0C81-E1D3-4525-9BDD-F2FECAD05543}.Debug|Any CPU.Build.0 = Debug|Any CPU
		{612C0C81-E1D3-4525-9BDD-F2FECAD05543}.Release|Any CPU.ActiveCfg = Release|Any CPU
		{612C0C81-E1D3-4525-9BDD-F2FECAD05543}.Release|Any CPU.Build.0 = Release|Any CPU
	EndGlobalSection
	GlobalSection(SolutionProperties) = preSolution
		HideSolutionNode = FALSE
	EndGlobalSection
	GlobalSection(ExtensibilityGlobals) = postSolution
		SolutionGuid = {3503ED8D-343D-4FC5-A16E-4329E998DF11}
	EndGlobalSection
EndGlobal
